
Microsoft Visual Studio Solution File, Format Version 12.00
# Visual Studio Version 17
VisualStudioVersion = 17.9.34723.18
MinimumVisualStudioVersion = 10.0.40219.1
Project("{FAE04EC0-301F-11D3-BF4B-00C04F79EFBC}") = "Labb2Linq", "Labb2Linq\Labb2Linq.csproj", "{0265F6F9-6DD3-4A48-8138-51580314BB60}"
EndProject
Global
	GlobalSection(SolutionConfigurationPlatforms) = preSolution
		Debug|Any CPU = Debug|Any CPU
		Release|Any CPU = Release|Any CPU
	EndGlobalSection
	GlobalSection(ProjectConfigurationPlatforms) = postSolution
		{0265F6F9-6DD3-4A48-8138-51580314BB60}.Debug|Any CPU.ActiveCfg = Debug|Any CPU
		{0265F6F9-6DD3-4A48-8138-51580314BB60}.Debug|Any CPU.Build.0 = Debug|Any CPU
		{0265F6F9-6DD3-4A48-8138-51580314BB60}.Release|Any CPU.ActiveCfg = Release|Any CPU
		{0265F6F9-6DD3-4A48-8138-51580314BB60}.Release|Any CPU.Build.0 = Release|Any CPU
	EndGlobalSection
	GlobalSection(SolutionProperties) = preSolution
		HideSolutionNode = FALSE
	EndGlobalSection
	GlobalSection(ExtensibilityGlobals) = postSolution
		SolutionGuid = {FA6FB5EA-84A1-4E27-9A80-51AB302A177A}
	EndGlobalSection
EndGlobal
